
Microsoft Visual Studio Solution File, Format Version 12.00
# Visual Studio Version 17
VisualStudioVersion = 17.2.32630.192
MinimumVisualStudioVersion = 10.0.40219.1
Project("{FAE04EC0-301F-11D3-BF4B-00C04F79EFBC}") = "AddingFluent_Validation_toWeb_Api", "AddingFluent_Validation_toWeb_Api.csproj", "{6C3F4C08-6E59-4A13-810E-63FAD06E6599}"
EndProject
Project("{FAE04EC0-301F-11D3-BF4B-00C04F79EFBC}") = "ExternalModels", "..\ExternalModels\ExternalModels.csproj", "{94D220F0-5875-430F-A5B4-43FBE1543D53}"
EndProject
Global
	GlobalSection(SolutionConfigurationPlatforms) = preSolution
		Debug|Any CPU = Debug|Any CPU
		Release|Any CPU = Release|Any CPU
	EndGlobalSection
	GlobalSection(ProjectConfigurationPlatforms) = postSolution
		{6C3F4C08-6E59-4A13-810E-63FAD06E6599}.Debug|Any CPU.ActiveCfg = Debug|Any CPU
		{6C3F4C08-6E59-4A13-810E-63FAD06E6599}.Debug|Any CPU.Build.0 = Debug|Any CPU
		{6C3F4C08-6E59-4A13-810E-63FAD06E6599}.Release|Any CPU.ActiveCfg = Release|Any CPU
		{6C3F4C08-6E59-4A13-810E-63FAD06E6599}.Release|Any CPU.Build.0 = Release|Any CPU
		{94D220F0-5875-430F-A5B4-43FBE1543D53}.Debug|Any CPU.ActiveCfg = Debug|Any CPU
		{94D220F0-5875-430F-A5B4-43FBE1543D53}.Debug|Any CPU.Build.0 = Debug|Any CPU
		{94D220F0-5875-430F-A5B4-43FBE1543D53}.Release|Any CPU.ActiveCfg = Release|Any CPU
		{94D220F0-5875-430F-A5B4-43FBE1543D53}.Release|Any CPU.Build.0 = Release|Any CPU
	EndGlobalSection
	GlobalSection(SolutionProperties) = preSolution
		HideSolutionNode = FALSE
	EndGlobalSection
	GlobalSection(ExtensibilityGlobals) = postSolution
		SolutionGuid = {6168638C-3BE1-4FA0-9D1B-6A8551EBA33B}
	EndGlobalSection
EndGlobal
